// !$*UTF8*$!
{
	archiveVersion = 1;
	classes = {
	};
	objectVersion = 48;
	objects = {

/* Begin PBXBuildFile section */
		C804C68F205441960030892C /* selectViewController.swift in Sources */ = {isa = PBXBuildFile; fileRef = C804C68E205441960030892C /* selectViewController.swift */; };
		C804C691205441B90030892C /* SubmitJobViewController.swift in Sources */ = {isa = PBXBuildFile; fileRef = C804C690205441B90030892C /* SubmitJobViewController.swift */; };
		C82CF963205DA4B500D813C6 /* LoginViewController.swift in Sources */ = {isa = PBXBuildFile; fileRef = C82CF962205DA4B500D813C6 /* LoginViewController.swift */; };
		C8319B772041D4B20050DC01 /* AppDelegate.swift in Sources */ = {isa = PBXBuildFile; fileRef = C8319B762041D4B20050DC01 /* AppDelegate.swift */; };
		C8319B792041D4B20050DC01 /* ViewController.swift in Sources */ = {isa = PBXBuildFile; fileRef = C8319B782041D4B20050DC01 /* ViewController.swift */; };
		C8319B7C2041D4B20050DC01 /* Main.storyboard in Resources */ = {isa = PBXBuildFile; fileRef = C8319B7A2041D4B20050DC01 /* Main.storyboard */; };
		C8319B7E2041D4B20050DC01 /* Assets.xcassets in Resources */ = {isa = PBXBuildFile; fileRef = C8319B7D2041D4B20050DC01 /* Assets.xcassets */; };
		C8319B812041D4B20050DC01 /* LaunchScreen.storyboard in Resources */ = {isa = PBXBuildFile; fileRef = C8319B7F2041D4B20050DC01 /* LaunchScreen.storyboard */; };
		C8319B8A2041D5400050DC01 /* TableViewCell.swift in Sources */ = {isa = PBXBuildFile; fileRef = C8319B882041D5400050DC01 /* TableViewCell.swift */; };
		C8319B8B2041D5400050DC01 /* TableViewCell.xib in Resources */ = {isa = PBXBuildFile; fileRef = C8319B892041D5400050DC01 /* TableViewCell.xib */; };
		C8319B8D2041D8B90050DC01 /* JobsViewController.swift in Sources */ = {isa = PBXBuildFile; fileRef = C8319B8C2041D8B90050DC01 /* JobsViewController.swift */; };
		C8B215042056DF2F004C3FE2 /* PROFILEViewController.swift in Sources */ = {isa = PBXBuildFile; fileRef = C8B215032056DF2F004C3FE2 /* PROFILEViewController.swift */; };
		C8B7F6A82067911900C93C88 /* viewProfileViewController.swift in Sources */ = {isa = PBXBuildFile; fileRef = C8B7F6A72067911900C93C88 /* viewProfileViewController.swift */; };
		C8B7F6AA2067912C00C93C88 /* myJobsViewController.swift in Sources */ = {isa = PBXBuildFile; fileRef = C8B7F6A92067912C00C93C88 /* myJobsViewController.swift */; };
/* End PBXBuildFile section */

/* Begin PBXFileReference section */
		C804C68E205441960030892C /* selectViewController.swift */ = {isa = PBXFileReference; lastKnownFileType = sourcecode.swift; path = selectViewController.swift; sourceTree = "<group>"; };
		C804C690205441B90030892C /* SubmitJobViewController.swift */ = {isa = PBXFileReference; lastKnownFileType = sourcecode.swift; path = SubmitJobViewController.swift; sourceTree = "<group>"; };
		C82CF962205DA4B500D813C6 /* LoginViewController.swift */ = {isa = PBXFileReference; lastKnownFileType = sourcecode.swift; path = LoginViewController.swift; sourceTree = "<group>"; };
		C8319B732041D4B20050DC01 /* workPerHour.app */ = {isa = PBXFileReference; explicitFileType = wrapper.application; includeInIndex = 0; path = workPerHour.app; sourceTree = BUILT_PRODUCTS_DIR; };
		C8319B762041D4B20050DC01 /* AppDelegate.swift */ = {isa = PBXFileReference; lastKnownFileType = sourcecode.swift; path = AppDelegate.swift; sourceTree = "<group>"; };
		C8319B782041D4B20050DC01 /* ViewController.swift */ = {isa = PBXFileReference; lastKnownFileType = sourcecode.swift; path = ViewController.swift; sourceTree = "<group>"; };
		C8319B7B2041D4B20050DC01 /* Base */ = {isa = PBXFileReference; lastKnownFileType = file.storyboard; name = Base; path = Base.lproj/Main.storyboard; sourceTree = "<group>"; };
		C8319B7D2041D4B20050DC01 /* Assets.xcassets */ = {isa = PBXFileReference; lastKnownFileType = folder.assetcatalog; path = Assets.xcassets; sourceTree = "<group>"; };
		C8319B802041D4B20050DC01 /* Base */ = {isa = PBXFileReference; lastKnownFileType = file.storyboard; name = Base; path = Base.lproj/LaunchScreen.storyboard; sourceTree = "<group>"; };
		C8319B822041D4B20050DC01 /* Info.plist */ = {isa = PBXFileReference; lastKnownFileType = text.plist.xml; path = Info.plist; sourceTree = "<group>"; };
		C8319B882041D5400050DC01 /* TableViewCell.swift */ = {isa = PBXFileReference; lastKnownFileType = sourcecode.swift; path = TableViewCell.swift; sourceTree = "<group>"; };
		C8319B892041D5400050DC01 /* TableViewCell.xib */ = {isa = PBXFileReference; lastKnownFileType = file.xib; path = TableViewCell.xib; sourceTree = "<group>"; };
		C8319B8C2041D8B90050DC01 /* JobsViewController.swift */ = {isa = PBXFileReference; lastKnownFileType = sourcecode.swift; path = JobsViewController.swift; sourceTree = "<group>"; };
		C8B215032056DF2F004C3FE2 /* PROFILEViewController.swift */ = {isa = PBXFileReference; lastKnownFileType = sourcecode.swift; path = PROFILEViewController.swift; sourceTree = "<group>"; };
		C8B7F6A72067911900C93C88 /* viewProfileViewController.swift */ = {isa = PBXFileReference; lastKnownFileType = sourcecode.swift; path = viewProfileViewController.swift; sourceTree = "<group>"; };
		C8B7F6A92067912C00C93C88 /* myJobsViewController.swift */ = {isa = PBXFileReference; lastKnownFileType = sourcecode.swift; path = myJobsViewController.swift; sourceTree = "<group>"; };
/* End PBXFileReference section */

/* Begin PBXFrameworksBuildPhase section */
		C8319B702041D4B20050DC01 /* Frameworks */ = {
			isa = PBXFrameworksBuildPhase;
			buildActionMask = 2147483647;
			files = (
			);
			runOnlyForDeploymentPostprocessing = 0;
		};
/* End PBXFrameworksBuildPhase section */

/* Begin PBXGroup section */
		C8319B6A2041D4B20050DC01 = {
			isa = PBXGroup;
			children = (
				C8319B752041D4B20050DC01 /* workPerHour */,
				C8319B742041D4B20050DC01 /* Products */,
			);
			sourceTree = "<group>";
		};
		C8319B742041D4B20050DC01 /* Products */ = {
			isa = PBXGroup;
			children = (
				C8319B732041D4B20050DC01 /* workPerHour.app */,
			);
			name = Products;
			sourceTree = "<group>";
		};
		C8319B752041D4B20050DC01 /* workPerHour */ = {
			isa = PBXGroup;
			children = (
				C8319B762041D4B20050DC01 /* AppDelegate.swift */,
				C8319B782041D4B20050DC01 /* ViewController.swift */,
				C8B215032056DF2F004C3FE2 /* PROFILEViewController.swift */,
				C8319B7A2041D4B20050DC01 /* Main.storyboard */,
				C8B7F6A92067912C00C93C88 /* myJobsViewController.swift */,
				C8B7F6A72067911900C93C88 /* viewProfileViewController.swift */,
				C82CF962205DA4B500D813C6 /* LoginViewController.swift */,
				C804C690205441B90030892C /* SubmitJobViewController.swift */,
				C804C68E205441960030892C /* selectViewController.swift */,
				C8319B8C2041D8B90050DC01 /* JobsViewController.swift */,
				C8BB9D962052F9570006304E /* cell */,
				C8319B7D2041D4B20050DC01 /* Assets.xcassets */,
				C8319B7F2041D4B20050DC01 /* LaunchScreen.storyboard */,
				C8319B822041D4B20050DC01 /* Info.plist */,
			);
			path = workPerHour;
			sourceTree = "<group>";
		};
		C8BB9D962052F9570006304E /* cell */ = {
			isa = PBXGroup;
			children = (
				C8319B882041D5400050DC01 /* TableViewCell.swift */,
				C8319B892041D5400050DC01 /* TableViewCell.xib */,
			);
			path = cell;
			sourceTree = "<group>";
		};
/* End PBXGroup section */

/* Begin PBXNativeTarget section */
		C8319B722041D4B20050DC01 /* workPerHour */ = {
			isa = PBXNativeTarget;
			buildConfigurationList = C8319B852041D4B20050DC01 /* Build configuration list for PBXNativeTarget "workPerHour" */;
			buildPhases = (
				C8319B6F2041D4B20050DC01 /* Sources */,
				C8319B702041D4B20050DC01 /* Frameworks */,
				C8319B712041D4B20050DC01 /* Resources */,
			);
			buildRules = (
			);
			dependencies = (
			);
			name = workPerHour;
			productName = workPerHour;
			productReference = C8319B732041D4B20050DC01 /* workPerHour.app */;
			productType = "com.apple.product-type.application";
		};
/* End PBXNativeTarget section */

/* Begin PBXProject section */
		C8319B6B2041D4B20050DC01 /* Project object */ = {
			isa = PBXProject;
			attributes = {
				LastSwiftUpdateCheck = 0920;
				LastUpgradeCheck = 0920;
				ORGANIZATIONNAME = "Syed  Rafay";
				TargetAttributes = {
					C8319B722041D4B20050DC01 = {
						CreatedOnToolsVersion = 9.2;
						ProvisioningStyle = Automatic;
					};
				};
			};
			buildConfigurationList = C8319B6E2041D4B20050DC01 /* Build configuration list for PBXProject "workPerHour" */;
			compatibilityVersion = "Xcode 8.0";
			developmentRegion = en;
			hasScannedForEncodings = 0;
			knownRegions = (
				en,
				Base,
			);
			mainGroup = C8319B6A2041D4B20050DC01;
			productRefGroup = C8319B742041D4B20050DC01 /* Products */;
			projectDirPath = "";
			projectRoot = "";
			targets = (
				C8319B722041D4B20050DC01 /* workPerHour */,
			);
		};
/* End PBXProject section */

/* Begin PBXResourcesBuildPhase section */
		C8319B712041D4B20050DC01 /* Resources */ = {
			isa = PBXResourcesBuildPhase;
			buildActionMask = 2147483647;
			files = (
				C8319B812041D4B20050DC01 /* LaunchScreen.storyboard in Resources */,
				C8319B8B2041D5400050DC01 /* TableViewCell.xib in Resources */,
				C8319B7E2041D4B20050DC01 /* Assets.xcassets in Resources */,
				C8319B7C2041D4B20050DC01 /* Main.storyboard in Resources */,
			);
			runOnlyForDeploymentPostprocessing = 0;
		};
/* End PBXResourcesBuildPhase section */

/* Begin PBXSourcesBuildPhase section */
		C8319B6F2041D4B20050DC01 /* Sources */ = {
			isa = PBXSourcesBuildPhase;
			buildActionMask = 2147483647;
			files = (
				C804C691205441B90030892C /* SubmitJobViewController.swift in Sources */,
				C8B215042056DF2F004C3FE2 /* PROFILEViewController.swift in Sources */,
				C804C68F205441960030892C /* selectViewController.swift in Sources */,
				C8319B8D2041D8B90050DC01 /* JobsViewController.swift in Sources */,
				C8B7F6AA2067912C00C93C88 /* myJobsViewController.swift in Sources */,
				C82CF963205DA4B500D813C6 /* LoginViewController.swift in Sources */,
				C8319B8A2041D5400050DC01 /* TableViewCell.swift in Sources */,
				C8319B792041D4B20050DC01 /* ViewController.swift in Sources */,
				C8B7F6A82067911900C93C88 /* viewProfileViewController.swift in Sources */,
				C8319B772041D4B20050DC01 /* AppDelegate.swift in Sources */,
			);
			runOnlyForDeploymentPostprocessing = 0;
		};
/* End PBXSourcesBuildPhase section */

/* Begin PBXVariantGroup section */
		C8319B7A2041D4B20050DC01 /* Main.storyboard */ = {
			isa = PBXVariantGroup;
			children = (
				C8319B7B2041D4B20050DC01 /* Base */,
			);
			name = Main.storyboard;
			sourceTree = "<group>";
		};
		C8319B7F2041D4B20050DC01 /* LaunchScreen.storyboard */ = {
			isa = PBXVariantGroup;
			children = (
				C8319B802041D4B20050DC01 /* Base */,
			);
			name = LaunchScreen.storyboard;
			sourceTree = "<group>";
		};
/* End PBXVariantGroup section */

/* Begin XCBuildConfiguration section */
		C8319B832041D4B20050DC01 /* Debug */ = {
			isa = XCBuildConfiguration;
			buildSettings = {
				ALWAYS_SEARCH_USER_PATHS = NO;
				CLANG_ANALYZER_NONNULL = YES;
				CLANG_ANALYZER_NUMBER_OBJECT_CONVERSION = YES_AGGRESSIVE;
				CLANG_CXX_LANGUAGE_STANDARD = "gnu++14";
				CLANG_CXX_LIBRARY = "libc++";
				CLANG_ENABLE_MODULES = YES;
				CLANG_ENABLE_OBJC_ARC = YES;
				CLANG_WARN_BLOCK_CAPTURE_AUTORELEASING = YES;
				CLANG_WARN_BOOL_CONVERSION = YES;
				CLANG_WARN_COMMA = YES;
				CLANG_WARN_CONSTANT_CONVERSION = YES;
				CLANG_WARN_DIRECT_OBJC_ISA_USAGE = YES_ERROR;
				CLANG_WARN_DOCUMENTATION_COMMENTS = YES;
				CLANG_WARN_EMPTY_BODY = YES;
				CLANG_WARN_ENUM_CONVERSION = YES;
				CLANG_WARN_INFINITE_RECURSION = YES;
				CLANG_WARN_INT_CONVERSION = YES;
				CLANG_WARN_NON_LITERAL_NULL_CONVERSION = YES;
				CLANG_WARN_OBJC_LITERAL_CONVERSION = YES;
				CLANG_WARN_OBJC_ROOT_CLASS = YES_ERROR;
				CLANG_WARN_RANGE_LOOP_ANALYSIS = YES;
				CLANG_WARN_STRICT_PROTOTYPES = YES;
				CLANG_WARN_SUSPICIOUS_MOVE = YES;
				CLANG_WARN_UNGUARDED_AVAILABILITY = YES_AGGRESSIVE;
				CLANG_WARN_UNREACHABLE_CODE = YES;
				CLANG_WARN__DUPLICATE_METHOD_MATCH = YES;
				CODE_SIGN_IDENTITY = "iPhone Developer";
				COPY_PHASE_STRIP = NO;
				DEBUG_INFORMATION_FORMAT = dwarf;
				ENABLE_STRICT_OBJC_MSGSEND = YES;
				ENABLE_TESTABILITY = YES;
				GCC_C_LANGUAGE_STANDARD = gnu11;
				GCC_DYNAMIC_NO_PIC = NO;
				GCC_NO_COMMON_BLOCKS = YES;
				GCC_OPTIMIZATION_LEVEL = 0;
				GCC_PREPROCESSOR_DEFINITIONS = (
					"DEBUG=1",
					"$(inherited)",
				);
				GCC_WARN_64_TO_32_BIT_CONVERSION = YES;
				GCC_WARN_ABOUT_RETURN_TYPE = YES_ERROR;
				GCC_WARN_UNDECLARED_SELECTOR = YES;
				GCC_WARN_UNINITIALIZED_AUTOS = YES_AGGRESSIVE;
				GCC_WARN_UNUSED_FUNCTION = YES;
				GCC_WARN_UNUSED_VARIABLE = YES;
				IPHONEOS_DEPLOYMENT_TARGET = 11.2;
				MTL_ENABLE_DEBUG_INFO = YES;
				ONLY_ACTIVE_ARCH = YES;
				SDKROOT = iphoneos;
				SWIFT_ACTIVE_COMPILATION_CONDITIONS = DEBUG;
				SWIFT_OPTIMIZATION_LEVEL = "-Onone";
			};
			name = Debug;
		};
		C8319B842041D4B20050DC01 /* Release */ = {
			isa = XCBuildConfiguration;
			buildSettings = {
				ALWAYS_SEARCH_USER_PATHS = NO;
				CLANG_ANALYZER_NONNULL = YES;
				CLANG_ANALYZER_NUMBER_OBJECT_CONVERSION = YES_AGGRESSIVE;
				CLANG_CXX_LANGUAGE_STANDARD = "gnu++14";
				CLANG_CXX_LIBRARY = "libc++";
				CLANG_ENABLE_MODULES = YES;
				CLANG_ENABLE_OBJC_ARC = YES;
				CLANG_WARN_BLOCK_CAPTURE_AUTORELEASING = YES;
				CLANG_WARN_BOOL_CONVERSION = YES;
				CLANG_WARN_COMMA = YES;
				CLANG_WARN_CONSTANT_CONVERSION = YES;
				CLANG_WARN_DIRECT_OBJC_ISA_USAGE = YES_ERROR;
				CLANG_WARN_DOCUMENTATION_COMMENTS = YES;
				CLANG_WARN_EMPTY_BODY = YES;
				CLANG_WARN_ENUM_CONVERSION = YES;
				CLANG_WARN_INFINITE_RECURSION = YES;
				CLANG_WARN_INT_CONVERSION = YES;
				CLANG_WARN_NON_LITERAL_NULL_CONVERSION = YES;
				CLANG_WARN_OBJC_LITERAL_CONVERSION = YES;
				CLANG_WARN_OBJC_ROOT_CLASS = YES_ERROR;
				CLANG_WARN_RANGE_LOOP_ANALYSIS = YES;
				CLANG_WARN_STRICT_PROTOTYPES = YES;
				CLANG_WARN_SUSPICIOUS_MOVE = YES;
				CLANG_WARN_UNGUARDED_AVAILABILITY = YES_AGGRESSIVE;
				CLANG_WARN_UNREACHABLE_CODE = YES;
				CLANG_WARN__DUPLICATE_METHOD_MATCH = YES;
				CODE_SIGN_IDENTITY = "iPhone Developer";
				COPY_PHASE_STRIP = NO;
				DEBUG_INFORMATION_FORMAT = "dwarf-with-dsym";
				ENABLE_NS_ASSERTIONS = NO;
				ENABLE_STRICT_OBJC_MSGSEND = YES;
				GCC_C_LANGUAGE_STANDARD = gnu11;
				GCC_NO_COMMON_BLOCKS = YES;
				GCC_WARN_64_TO_32_BIT_CONVERSION = YES;
				GCC_WARN_ABOUT_RETURN_TYPE = YES_ERROR;
				GCC_WARN_UNDECLARED_SELECTOR = YES;
				GCC_WARN_UNINITIALIZED_AUTOS = YES_AGGRESSIVE;
				GCC_WARN_UNUSED_FUNCTION = YES;
				GCC_WARN_UNUSED_VARIABLE = YES;
				IPHONEOS_DEPLOYMENT_TARGET = 11.2;
				MTL_ENABLE_DEBUG_INFO = NO;
				SDKROOT = iphoneos;
				SWIFT_OPTIMIZATION_LEVEL = "-Owholemodule";
				VALIDATE_PRODUCT = YES;
			};
			name = Release;
		};
		C8319B862041D4B20050DC01 /* Debug */ = {
			isa = XCBuildConfiguration;
			buildSettings = {
				ASSETCATALOG_COMPILER_APPICON_NAME = AppIcon;
				CODE_SIGN_STYLE = Automatic;
				DEVELOPMENT_TEAM = 78T6UPLU6S;
				INFOPLIST_FILE = workPerHour/Info.plist;
				IPHONEOS_DEPLOYMENT_TARGET = 10.3;
				LD_RUNPATH_SEARCH_PATHS = "$(inherited) @executable_path/Frameworks";
				PRODUCT_BUNDLE_IDENTIFIER = com.Rafay.workPerHour;
				PRODUCT_NAME = "$(TARGET_NAME)";
				SWIFT_VERSION = 4.0;
				TARGETED_DEVICE_FAMILY = "1,2";
			};
			name = Debug;
		};
		C8319B872041D4B20050DC01 /* Release */ = {
			isa = XCBuildConfiguration;
			buildSettings = {
				ASSETCATALOG_COMPILER_APPICON_NAME = AppIcon;
				CODE_SIGN_STYLE = Automatic;
				DEVELOPMENT_TEAM = 78T6UPLU6S;
				INFOPLIST_FILE = workPerHour/Info.plist;
				IPHONEOS_DEPLOYMENT_TARGET = 10.3;
				LD_RUNPATH_SEARCH_PATHS = "$(inherited) @executable_path/Frameworks";
				PRODUCT_BUNDLE_IDENTIFIER = com.Rafay.workPerHour;
				PRODUCT_NAME = "$(TARGET_NAME)";
				SWIFT_VERSION = 4.0;
				TARGETED_DEVICE_FAMILY = "1,2";
			};
			name = Release;
		};
/* End XCBuildConfiguration section */

/* Begin XCConfigurationList section */
		C8319B6E2041D4B20050DC01 /* Build configuration list for PBXProject "workPerHour" */ = {
			isa = XCConfigurationList;
			buildConfigurations = (
				C8319B832041D4B20050DC01 /* Debug */,
				C8319B842041D4B20050DC01 /* Release */,
			);
			defaultConfigurationIsVisible = 0;
			defaultConfigurationName = Release;
		};
		C8319B852041D4B20050DC01 /* Build configuration list for PBXNativeTarget "workPerHour" */ = {
			isa = XCConfigurationList;
			buildConfigurations = (
				C8319B862041D4B20050DC01 /* Debug */,
				C8319B872041D4B20050DC01 /* Release */,
			);
			defaultConfigurationIsVisible = 0;
			defaultConfigurationName = Release;
		};
/* End XCConfigurationList section */
	};
	rootObject = C8319B6B2041D4B20050DC01 /* Project object */;
}
